
Microsoft Visual Studio Solution File, Format Version 12.00
# Visual Studio 2012
Project("{FAE04EC0-301F-11D3-BF4B-00C04F79EFBC}") = "FuelCalculator03", "FuelCalculator03\FuelCalculator03.csproj", "{278AA9F1-3655-4A97-B828-B9854FCC01FB}"
EndProject
Global
	GlobalSection(SolutionConfigurationPlatforms) = preSolution
		Debug|Any CPU = Debug|Any CPU
		Release|Any CPU = Release|Any CPU
	EndGlobalSection
	GlobalSection(ProjectConfigurationPlatforms) = postSolution
		{278AA9F1-3655-4A97-B828-B9854FCC01FB}.Debug|Any CPU.ActiveCfg = Debug|Any CPU
		{278AA9F1-3655-4A97-B828-B9854FCC01FB}.Debug|Any CPU.Build.0 = Debug|Any CPU
		{278AA9F1-3655-4A97-B828-B9854FCC01FB}.Release|Any CPU.ActiveCfg = Release|Any CPU
		{278AA9F1-3655-4A97-B828-B9854FCC01FB}.Release|Any CPU.Build.0 = Release|Any CPU
	EndGlobalSection
	GlobalSection(SolutionProperties) = preSolution
		HideSolutionNode = FALSE
	EndGlobalSection
EndGlobal
